
Microsoft Visual Studio Solution File, Format Version 12.00
# Visual Studio 15
VisualStudioVersion = 15.0.28307.106
MinimumVisualStudioVersion = 10.0.40219.1
Project("{FAE04EC0-301F-11D3-BF4B-00C04F79EFBC}") = "TheLauncher", "TheLauncher\TheLauncher.csproj", "{D8966827-8A85-4DD7-A7D1-87913D03E0C1}"
EndProject
Global
	GlobalSection(SolutionConfigurationPlatforms) = preSolution
		Debug|Any CPU = Debug|Any CPU
		Release|Any CPU = Release|Any CPU
	EndGlobalSection
	GlobalSection(ProjectConfigurationPlatforms) = postSolution
		{D8966827-8A85-4DD7-A7D1-87913D03E0C1}.Debug|Any CPU.ActiveCfg = Debug|Any CPU
		{D8966827-8A85-4DD7-A7D1-87913D03E0C1}.Debug|Any CPU.Build.0 = Debug|Any CPU
		{D8966827-8A85-4DD7-A7D1-87913D03E0C1}.Release|Any CPU.ActiveCfg = Release|Any CPU
		{D8966827-8A85-4DD7-A7D1-87913D03E0C1}.Release|Any CPU.Build.0 = Release|Any CPU
	EndGlobalSection
	GlobalSection(SolutionProperties) = preSolution
		HideSolutionNode = FALSE
	EndGlobalSection
	GlobalSection(ExtensibilityGlobals) = postSolution
		SolutionGuid = {BC0F1FCF-90AD-4B7D-8323-46655A13D076}
	EndGlobalSection
EndGlobal
